
Microsoft Visual Studio Solution File, Format Version 12.00
# Visual Studio 2013
VisualStudioVersion = 12.0.31101.0
MinimumVisualStudioVersion = 10.0.40219.1
Project("{FAE04EC0-301F-11D3-BF4B-00C04F79EFBC}") = "CSCore", "CSCore\CSCore.csproj", "{C3DCCFE3-DD3F-4EEE-849B-33E355B1E064}"
	ProjectSection(ProjectDependencies) = postProject
		{9522588A-5311-41F1-814C-4FB626FC0B47} = {9522588A-5311-41F1-814C-4FB626FC0B47}
		{9C5B4994-70C3-489D-933C-E2049C0505DB} = {9C5B4994-70C3-489D-933C-E2049C0505DB}
	EndProjectSection
EndProject
Project("{FAE04EC0-301F-11D3-BF4B-00C04F79EFBC}") = "CSCore.Test", "CSCore.Test\CSCore.Test.csproj", "{A4816166-67F7-42FF-B199-2758574312B2}"
EndProject
Project("{2150E333-8FDC-42A3-9474-1A3956D46DE8}") = "Tools", "Tools", "{1F24CB15-2CD3-432A-BE46-65CCE8A9DCF3}"
EndProject
Project("{FAE04EC0-301F-11D3-BF4B-00C04F79EFBC}") = "CSCli", "Tools\CSCli\CSCli.csproj", "{9C5B4994-70C3-489D-933C-E2049C0505DB}"
EndProject
Project("{2150E333-8FDC-42A3-9474-1A3956D46DE8}") = "Samples", "Samples", "{41D1D336-13B2-488B-8A85-C0F744035F8B}"
EndProject
Project("{FAE04EC0-301F-11D3-BF4B-00C04F79EFBC}") = "Recorder", "Samples\Recorder\Recorder.csproj", "{637070BF-4FD2-4DF9-838F-1C42E7BDAE74}"
EndProject
Project("{FAE04EC0-301F-11D3-BF4B-00C04F79EFBC}") = "EqualizerTest", "Samples\Equalizer\EqualizerTest.csproj", "{84AA94EB-9DAB-4255-A16E-8A8BA7DFB913}"
EndProject
Project("{FAE04EC0-301F-11D3-BF4B-00C04F79EFBC}") = "InlineILCompiler", "Tools\InlineILCompiler\InlineILCompiler\InlineILCompiler.csproj", "{9522588A-5311-41F1-814C-4FB626FC0B47}"
EndProject
Project("{FAE04EC0-301F-11D3-BF4B-00C04F79EFBC}") = "X3DAudioSample", "Samples\X3DAudioSample\X3DAudioSample.csproj", "{2CE65814-8EF5-4133-822B-3B7177A4E292}"
EndProject
Project("{FAE04EC0-301F-11D3-BF4B-00C04F79EFBC}") = "XAudio2Playback", "Samples\XAudio2Playback\XAudio2Playback.csproj", "{C6F0D42E-A5D4-4A7B-AD77-91A84449DE04}"
EndProject
Project("{FAE04EC0-301F-11D3-BF4B-00C04F79EFBC}") = "SimpleMixerSample", "Samples\SimpleMixerSample\SimpleMixerSample.csproj", "{237BD115-097E-4EB9-B447-8299F2EA5C7D}"
EndProject
Project("{FAE04EC0-301F-11D3-BF4B-00C04F79EFBC}") = "FadingSample", "Samples\FadingSample\FadingSample.csproj", "{0027D5BC-DF90-4EE4-B07E-4192A183AC38}"
EndProject
Project("{FAE04EC0-301F-11D3-BF4B-00C04F79EFBC}") = "WinformsVisualization", "Samples\WinformsVisualization\WinformsVisualization.csproj", "{EE2BF129-3451-4ADA-8698-42EE2A293688}"
EndProject
Project("{FAE04EC0-301F-11D3-BF4B-00C04F79EFBC}") = "NVorbisIntegration", "Samples\NVorbisIntegration\NVorbisIntegration.csproj", "{C4C6E0DA-3C5A-4D43-B1BA-0289A813AEF4}"
EndProject
Project("{FAE04EC0-301F-11D3-BF4B-00C04F79EFBC}") = "RecordToWma", "Samples\RecordToWma\RecordToWma.csproj", "{6D37DDE4-2418-4EFB-A6E3-DC6A94D9369D}"
EndProject
Project("{FAE04EC0-301F-11D3-BF4B-00C04F79EFBC}") = "AdjustPosition", "Samples\AdjustPosition\AdjustPosition.csproj", "{6C38E542-EFCE-4CAB-9B11-2C3D4D85F5F4}"
EndProject
Project("{FAE04EC0-301F-11D3-BF4B-00C04F79EFBC}") = "AudioPlayerSample", "Samples\AudioPlayerSample\AudioPlayerSample.csproj", "{000B0B0B-A12D-4EED-A261-7F95422E386A}"
EndProject
Global
	GlobalSection(SolutionConfigurationPlatforms) = preSolution
		Debug|Any CPU = Debug|Any CPU
		Debug|Mixed Platforms = Debug|Mixed Platforms
		Debug|Win32 = Debug|Win32
		Release|Any CPU = Release|Any CPU
		Release|Mixed Platforms = Release|Mixed Platforms
		Release|Win32 = Release|Win32
	EndGlobalSection
	GlobalSection(ProjectConfigurationPlatforms) = postSolution
		{C3DCCFE3-DD3F-4EEE-849B-33E355B1E064}.Debug|Any CPU.ActiveCfg = Debug|Any CPU
		{C3DCCFE3-DD3F-4EEE-849B-33E355B1E064}.Debug|Any CPU.Build.0 = Debug|Any CPU
		{C3DCCFE3-DD3F-4EEE-849B-33E355B1E064}.Debug|Mixed Platforms.ActiveCfg = Debug|Any CPU
		{C3DCCFE3-DD3F-4EEE-849B-33E355B1E064}.Debug|Mixed Platforms.Build.0 = Debug|Any CPU
		{C3DCCFE3-DD3F-4EEE-849B-33E355B1E064}.Debug|Win32.ActiveCfg = Debug|Any CPU
		{C3DCCFE3-DD3F-4EEE-849B-33E355B1E064}.Release|Any CPU.ActiveCfg = Release|Any CPU
		{C3DCCFE3-DD3F-4EEE-849B-33E355B1E064}.Release|Any CPU.Build.0 = Release|Any CPU
		{C3DCCFE3-DD3F-4EEE-849B-33E355B1E064}.Release|Mixed Platforms.ActiveCfg = Release|Any CPU
		{C3DCCFE3-DD3F-4EEE-849B-33E355B1E064}.Release|Mixed Platforms.Build.0 = Release|Any CPU
		{C3DCCFE3-DD3F-4EEE-849B-33E355B1E064}.Release|Win32.ActiveCfg = Release|Any CPU
		{A4816166-67F7-42FF-B199-2758574312B2}.Debug|Any CPU.ActiveCfg = Debug|Any CPU
		{A4816166-67F7-42FF-B199-2758574312B2}.Debug|Any CPU.Build.0 = Debug|Any CPU
		{A4816166-67F7-42FF-B199-2758574312B2}.Debug|Mixed Platforms.ActiveCfg = Debug|Any CPU
		{A4816166-67F7-42FF-B199-2758574312B2}.Debug|Mixed Platforms.Build.0 = Debug|Any CPU
		{A4816166-67F7-42FF-B199-2758574312B2}.Debug|Win32.ActiveCfg = Debug|Any CPU
		{A4816166-67F7-42FF-B199-2758574312B2}.Release|Any CPU.ActiveCfg = Release|Any CPU
		{A4816166-67F7-42FF-B199-2758574312B2}.Release|Any CPU.Build.0 = Release|Any CPU
		{A4816166-67F7-42FF-B199-2758574312B2}.Release|Mixed Platforms.ActiveCfg = Release|Any CPU
		{A4816166-67F7-42FF-B199-2758574312B2}.Release|Mixed Platforms.Build.0 = Release|Any CPU
		{A4816166-67F7-42FF-B199-2758574312B2}.Release|Win32.ActiveCfg = Release|Any CPU
		{9C5B4994-70C3-489D-933C-E2049C0505DB}.Debug|Any CPU.ActiveCfg = Debug|Any CPU
		{9C5B4994-70C3-489D-933C-E2049C0505DB}.Debug|Any CPU.Build.0 = Debug|Any CPU
		{9C5B4994-70C3-489D-933C-E2049C0505DB}.Debug|Mixed Platforms.ActiveCfg = Debug|Any CPU
		{9C5B4994-70C3-489D-933C-E2049C0505DB}.Debug|Mixed Platforms.Build.0 = Debug|Any CPU
		{9C5B4994-70C3-489D-933C-E2049C0505DB}.Debug|Win32.ActiveCfg = Debug|Any CPU
		{9C5B4994-70C3-489D-933C-E2049C0505DB}.Release|Any CPU.ActiveCfg = Release|Any CPU
		{9C5B4994-70C3-489D-933C-E2049C0505DB}.Release|Any CPU.Build.0 = Release|Any CPU
		{9C5B4994-70C3-489D-933C-E2049C0505DB}.Release|Mixed Platforms.ActiveCfg = Release|Any CPU
		{9C5B4994-70C3-489D-933C-E2049C0505DB}.Release|Mixed Platforms.Build.0 = Release|Any CPU
		{9C5B4994-70C3-489D-933C-E2049C0505DB}.Release|Win32.ActiveCfg = Release|Any CPU
		{637070BF-4FD2-4DF9-838F-1C42E7BDAE74}.Debug|Any CPU.ActiveCfg = Debug|Any CPU
		{637070BF-4FD2-4DF9-838F-1C42E7BDAE74}.Debug|Any CPU.Build.0 = Debug|Any CPU
		{637070BF-4FD2-4DF9-838F-1C42E7BDAE74}.Debug|Mixed Platforms.ActiveCfg = Debug|x86
		{637070BF-4FD2-4DF9-838F-1C42E7BDAE74}.Debug|Mixed Platforms.Build.0 = Debug|x86
		{637070BF-4FD2-4DF9-838F-1C42E7BDAE74}.Debug|Win32.ActiveCfg = Debug|x86
		{637070BF-4FD2-4DF9-838F-1C42E7BDAE74}.Debug|Win32.Build.0 = Debug|x86
		{637070BF-4FD2-4DF9-838F-1C42E7BDAE74}.Release|Any CPU.ActiveCfg = Release|Any CPU
		{637070BF-4FD2-4DF9-838F-1C42E7BDAE74}.Release|Any CPU.Build.0 = Release|Any CPU
		{637070BF-4FD2-4DF9-838F-1C42E7BDAE74}.Release|Mixed Platforms.ActiveCfg = Release|x86
		{637070BF-4FD2-4DF9-838F-1C42E7BDAE74}.Release|Mixed Platforms.Build.0 = Release|x86
		{637070BF-4FD2-4DF9-838F-1C42E7BDAE74}.Release|Win32.ActiveCfg = Release|x86
		{637070BF-4FD2-4DF9-838F-1C42E7BDAE74}.Release|Win32.Build.0 = Release|x86
		{84AA94EB-9DAB-4255-A16E-8A8BA7DFB913}.Debug|Any CPU.ActiveCfg = Debug|Any CPU
		{84AA94EB-9DAB-4255-A16E-8A8BA7DFB913}.Debug|Any CPU.Build.0 = Debug|Any CPU
		{84AA94EB-9DAB-4255-A16E-8A8BA7DFB913}.Debug|Mixed Platforms.ActiveCfg = Debug|Any CPU
		{84AA94EB-9DAB-4255-A16E-8A8BA7DFB913}.Debug|Mixed Platforms.Build.0 = Debug|Any CPU
		{84AA94EB-9DAB-4255-A16E-8A8BA7DFB913}.Debug|Win32.ActiveCfg = Debug|Any CPU
		{84AA94EB-9DAB-4255-A16E-8A8BA7DFB913}.Release|Any CPU.ActiveCfg = Release|Any CPU
		{84AA94EB-9DAB-4255-A16E-8A8BA7DFB913}.Release|Any CPU.Build.0 = Release|Any CPU
		{84AA94EB-9DAB-4255-A16E-8A8BA7DFB913}.Release|Mixed Platforms.ActiveCfg = Release|Any CPU
		{84AA94EB-9DAB-4255-A16E-8A8BA7DFB913}.Release|Mixed Platforms.Build.0 = Release|Any CPU
		{84AA94EB-9DAB-4255-A16E-8A8BA7DFB913}.Release|Win32.ActiveCfg = Release|Any CPU
		{9522588A-5311-41F1-814C-4FB626FC0B47}.Debug|Any CPU.ActiveCfg = Debug|Any CPU
		{9522588A-5311-41F1-814C-4FB626FC0B47}.Debug|Any CPU.Build.0 = Debug|Any CPU
		{9522588A-5311-41F1-814C-4FB626FC0B47}.Debug|Mixed Platforms.ActiveCfg = Debug|Any CPU
		{9522588A-5311-41F1-814C-4FB626FC0B47}.Debug|Mixed Platforms.Build.0 = Debug|Any CPU
		{9522588A-5311-41F1-814C-4FB626FC0B47}.Debug|Win32.ActiveCfg = Debug|Any CPU
		{9522588A-5311-41F1-814C-4FB626FC0B47}.Release|Any CPU.ActiveCfg = Release|Any CPU
		{9522588A-5311-41F1-814C-4FB626FC0B47}.Release|Any CPU.Build.0 = Release|Any CPU
		{9522588A-5311-41F1-814C-4FB626FC0B47}.Release|Mixed Platforms.ActiveCfg = Release|Any CPU
		{9522588A-5311-41F1-814C-4FB626FC0B47}.Release|Mixed Platforms.Build.0 = Release|Any CPU
		{9522588A-5311-41F1-814C-4FB626FC0B47}.Release|Win32.ActiveCfg = Release|Any CPU
		{2CE65814-8EF5-4133-822B-3B7177A4E292}.Debug|Any CPU.ActiveCfg = Debug|Any CPU
		{2CE65814-8EF5-4133-822B-3B7177A4E292}.Debug|Any CPU.Build.0 = Debug|Any CPU
		{2CE65814-8EF5-4133-822B-3B7177A4E292}.Debug|Mixed Platforms.ActiveCfg = Debug|Any CPU
		{2CE65814-8EF5-4133-822B-3B7177A4E292}.Debug|Mixed Platforms.Build.0 = Debug|Any CPU
		{2CE65814-8EF5-4133-822B-3B7177A4E292}.Debug|Win32.ActiveCfg = Debug|Any CPU
		{2CE65814-8EF5-4133-822B-3B7177A4E292}.Release|Any CPU.ActiveCfg = Release|Any CPU
		{2CE65814-8EF5-4133-822B-3B7177A4E292}.Release|Any CPU.Build.0 = Release|Any CPU
		{2CE65814-8EF5-4133-822B-3B7177A4E292}.Release|Mixed Platforms.ActiveCfg = Release|Any CPU
		{2CE65814-8EF5-4133-822B-3B7177A4E292}.Release|Mixed Platforms.Build.0 = Release|Any CPU
		{2CE65814-8EF5-4133-822B-3B7177A4E292}.Release|Win32.ActiveCfg = Release|Any CPU
		{C6F0D42E-A5D4-4A7B-AD77-91A84449DE04}.Debug|Any CPU.ActiveCfg = Debug|Any CPU
		{C6F0D42E-A5D4-4A7B-AD77-91A84449DE04}.Debug|Any CPU.Build.0 = Debug|Any CPU
		{C6F0D42E-A5D4-4A7B-AD77-91A84449DE04}.Debug|Mixed Platforms.ActiveCfg = Debug|Any CPU
		{C6F0D42E-A5D4-4A7B-AD77-91A84449DE04}.Debug|Mixed Platforms.Build.0 = Debug|Any CPU
		{C6F0D42E-A5D4-4A7B-AD77-91A84449DE04}.Debug|Win32.ActiveCfg = Debug|Any CPU
		{C6F0D42E-A5D4-4A7B-AD77-91A84449DE04}.Release|Any CPU.ActiveCfg = Release|Any CPU
		{C6F0D42E-A5D4-4A7B-AD77-91A84449DE04}.Release|Any CPU.Build.0 = Release|Any CPU
		{C6F0D42E-A5D4-4A7B-AD77-91A84449DE04}.Release|Mixed Platforms.ActiveCfg = Release|Any CPU
		{C6F0D42E-A5D4-4A7B-AD77-91A84449DE04}.Release|Mixed Platforms.Build.0 = Release|Any CPU
		{C6F0D42E-A5D4-4A7B-AD77-91A84449DE04}.Release|Win32.ActiveCfg = Release|Any CPU
		{237BD115-097E-4EB9-B447-8299F2EA5C7D}.Debug|Any CPU.ActiveCfg = Debug|Any CPU
		{237BD115-097E-4EB9-B447-8299F2EA5C7D}.Debug|Any CPU.Build.0 = Debug|Any CPU
		{237BD115-097E-4EB9-B447-8299F2EA5C7D}.Debug|Mixed Platforms.ActiveCfg = Debug|Any CPU
		{237BD115-097E-4EB9-B447-8299F2EA5C7D}.Debug|Mixed Platforms.Build.0 = Debug|Any CPU
		{237BD115-097E-4EB9-B447-8299F2EA5C7D}.Debug|Win32.ActiveCfg = Debug|Any CPU
		{237BD115-097E-4EB9-B447-8299F2EA5C7D}.Release|Any CPU.ActiveCfg = Release|Any CPU
		{237BD115-097E-4EB9-B447-8299F2EA5C7D}.Release|Any CPU.Build.0 = Release|Any CPU
		{237BD115-097E-4EB9-B447-8299F2EA5C7D}.Release|Mixed Platforms.ActiveCfg = Release|Any CPU
		{237BD115-097E-4EB9-B447-8299F2EA5C7D}.Release|Mixed Platforms.Build.0 = Release|Any CPU
		{237BD115-097E-4EB9-B447-8299F2EA5C7D}.Release|Win32.ActiveCfg = Release|Any CPU
		{0027D5BC-DF90-4EE4-B07E-4192A183AC38}.Debug|Any CPU.ActiveCfg = Debug|Any CPU
		{0027D5BC-DF90-4EE4-B07E-4192A183AC38}.Debug|Any CPU.Build.0 = Debug|Any CPU
		{0027D5BC-DF90-4EE4-B07E-4192A183AC38}.Debug|Mixed Platforms.ActiveCfg = Debug|Any CPU
		{0027D5BC-DF90-4EE4-B07E-4192A183AC38}.Debug|Mixed Platforms.Build.0 = Debug|Any CPU
		{0027D5BC-DF90-4EE4-B07E-4192A183AC38}.Debug|Win32.ActiveCfg = Debug|Any CPU
		{0027D5BC-DF90-4EE4-B07E-4192A183AC38}.Release|Any CPU.ActiveCfg = Release|Any CPU
		{0027D5BC-DF90-4EE4-B07E-4192A183AC38}.Release|Any CPU.Build.0 = Release|Any CPU
		{0027D5BC-DF90-4EE4-B07E-4192A183AC38}.Release|Mixed Platforms.ActiveCfg = Release|Any CPU
		{0027D5BC-DF90-4EE4-B07E-4192A183AC38}.Release|Mixed Platforms.Build.0 = Release|Any CPU
		{0027D5BC-DF90-4EE4-B07E-4192A183AC38}.Release|Win32.ActiveCfg = Release|Any CPU
		{EE2BF129-3451-4ADA-8698-42EE2A293688}.Debug|Any CPU.ActiveCfg = Debug|Any CPU
		{EE2BF129-3451-4ADA-8698-42EE2A293688}.Debug|Any CPU.Build.0 = Debug|Any CPU
		{EE2BF129-3451-4ADA-8698-42EE2A293688}.Debug|Mixed Platforms.ActiveCfg = Debug|Any CPU
		{EE2BF129-3451-4ADA-8698-42EE2A293688}.Debug|Mixed Platforms.Build.0 = Debug|Any CPU
		{EE2BF129-3451-4ADA-8698-42EE2A293688}.Debug|Win32.ActiveCfg = Debug|Any CPU
		{EE2BF129-3451-4ADA-8698-42EE2A293688}.Release|Any CPU.ActiveCfg = Release|Any CPU
		{EE2BF129-3451-4ADA-8698-42EE2A293688}.Release|Any CPU.Build.0 = Release|Any CPU
		{EE2BF129-3451-4ADA-8698-42EE2A293688}.Release|Mixed Platforms.ActiveCfg = Release|Any CPU
		{EE2BF129-3451-4ADA-8698-42EE2A293688}.Release|Mixed Platforms.Build.0 = Release|Any CPU
		{EE2BF129-3451-4ADA-8698-42EE2A293688}.Release|Win32.ActiveCfg = Release|Any CPU
		{C4C6E0DA-3C5A-4D43-B1BA-0289A813AEF4}.Debug|Any CPU.ActiveCfg = Debug|Any CPU
		{C4C6E0DA-3C5A-4D43-B1BA-0289A813AEF4}.Debug|Any CPU.Build.0 = Debug|Any CPU
		{C4C6E0DA-3C5A-4D43-B1BA-0289A813AEF4}.Debug|Mixed Platforms.ActiveCfg = Debug|Any CPU
		{C4C6E0DA-3C5A-4D43-B1BA-0289A813AEF4}.Debug|Mixed Platforms.Build.0 = Debug|Any CPU
		{C4C6E0DA-3C5A-4D43-B1BA-0289A813AEF4}.Debug|Win32.ActiveCfg = Debug|Any CPU
		{C4C6E0DA-3C5A-4D43-B1BA-0289A813AEF4}.Release|Any CPU.ActiveCfg = Release|Any CPU
		{C4C6E0DA-3C5A-4D43-B1BA-0289A813AEF4}.Release|Any CPU.Build.0 = Release|Any CPU
		{C4C6E0DA-3C5A-4D43-B1BA-0289A813AEF4}.Release|Mixed Platforms.ActiveCfg = Release|Any CPU
		{C4C6E0DA-3C5A-4D43-B1BA-0289A813AEF4}.Release|Mixed Platforms.Build.0 = Release|Any CPU
		{C4C6E0DA-3C5A-4D43-B1BA-0289A813AEF4}.Release|Win32.ActiveCfg = Release|Any CPU
		{6D37DDE4-2418-4EFB-A6E3-DC6A94D9369D}.Debug|Any CPU.ActiveCfg = Debug|Any CPU
		{6D37DDE4-2418-4EFB-A6E3-DC6A94D9369D}.Debug|Any CPU.Build.0 = Debug|Any CPU
		{6D37DDE4-2418-4EFB-A6E3-DC6A94D9369D}.Debug|Mixed Platforms.ActiveCfg = Debug|Any CPU
		{6D37DDE4-2418-4EFB-A6E3-DC6A94D9369D}.Debug|Mixed Platforms.Build.0 = Debug|Any CPU
		{6D37DDE4-2418-4EFB-A6E3-DC6A94D9369D}.Debug|Win32.ActiveCfg = Debug|Any CPU
		{6D37DDE4-2418-4EFB-A6E3-DC6A94D9369D}.Release|Any CPU.ActiveCfg = Release|Any CPU
		{6D37DDE4-2418-4EFB-A6E3-DC6A94D9369D}.Release|Any CPU.Build.0 = Release|Any CPU
		{6D37DDE4-2418-4EFB-A6E3-DC6A94D9369D}.Release|Mixed Platforms.ActiveCfg = Release|Any CPU
		{6D37DDE4-2418-4EFB-A6E3-DC6A94D9369D}.Release|Mixed Platforms.Build.0 = Release|Any CPU
		{6D37DDE4-2418-4EFB-A6E3-DC6A94D9369D}.Release|Win32.ActiveCfg = Release|Any CPU
		{6C38E542-EFCE-4CAB-9B11-2C3D4D85F5F4}.Debug|Any CPU.ActiveCfg = Debug|Any CPU
		{6C38E542-EFCE-4CAB-9B11-2C3D4D85F5F4}.Debug|Any CPU.Build.0 = Debug|Any CPU
		{6C38E542-EFCE-4CAB-9B11-2C3D4D85F5F4}.Debug|Mixed Platforms.ActiveCfg = Debug|Any CPU
		{6C38E542-EFCE-4CAB-9B11-2C3D4D85F5F4}.Debug|Mixed Platforms.Build.0 = Debug|Any CPU
		{6C38E542-EFCE-4CAB-9B11-2C3D4D85F5F4}.Debug|Win32.ActiveCfg = Debug|Any CPU
		{6C38E542-EFCE-4CAB-9B11-2C3D4D85F5F4}.Release|Any CPU.ActiveCfg = Release|Any CPU
		{6C38E542-EFCE-4CAB-9B11-2C3D4D85F5F4}.Release|Any CPU.Build.0 = Release|Any CPU
		{6C38E542-EFCE-4CAB-9B11-2C3D4D85F5F4}.Release|Mixed Platforms.ActiveCfg = Release|Any CPU
		{6C38E542-EFCE-4CAB-9B11-2C3D4D85F5F4}.Release|Mixed Platforms.Build.0 = Release|Any CPU
		{6C38E542-EFCE-4CAB-9B11-2C3D4D85F5F4}.Release|Win32.ActiveCfg = Release|Any CPU
		{000B0B0B-A12D-4EED-A261-7F95422E386A}.Debug|Any CPU.ActiveCfg = Debug|Any CPU
		{000B0B0B-A12D-4EED-A261-7F95422E386A}.Debug|Any CPU.Build.0 = Debug|Any CPU
		{000B0B0B-A12D-4EED-A261-7F95422E386A}.Debug|Mixed Platforms.ActiveCfg = Debug|Any CPU
		{000B0B0B-A12D-4EED-A261-7F95422E386A}.Debug|Mixed Platforms.Build.0 = Debug|Any CPU
		{000B0B0B-A12D-4EED-A261-7F95422E386A}.Debug|Win32.ActiveCfg = Debug|Any CPU
		{000B0B0B-A12D-4EED-A261-7F95422E386A}.Release|Any CPU.ActiveCfg = Release|Any CPU
		{000B0B0B-A12D-4EED-A261-7F95422E386A}.Release|Any CPU.Build.0 = Release|Any CPU
		{000B0B0B-A12D-4EED-A261-7F95422E386A}.Release|Mixed Platforms.ActiveCfg = Release|Any CPU
		{000B0B0B-A12D-4EED-A261-7F95422E386A}.Release|Mixed Platforms.Build.0 = Release|Any CPU
		{000B0B0B-A12D-4EED-A261-7F95422E386A}.Release|Win32.ActiveCfg = Release|Any CPU
	EndGlobalSection
	GlobalSection(SolutionProperties) = preSolution
		HideSolutionNode = FALSE
	EndGlobalSection
	GlobalSection(NestedProjects) = preSolution
		{9C5B4994-70C3-489D-933C-E2049C0505DB} = {1F24CB15-2CD3-432A-BE46-65CCE8A9DCF3}
		{637070BF-4FD2-4DF9-838F-1C42E7BDAE74} = {41D1D336-13B2-488B-8A85-C0F744035F8B}
		{84AA94EB-9DAB-4255-A16E-8A8BA7DFB913} = {41D1D336-13B2-488B-8A85-C0F744035F8B}
		{9522588A-5311-41F1-814C-4FB626FC0B47} = {1F24CB15-2CD3-432A-BE46-65CCE8A9DCF3}
		{2CE65814-8EF5-4133-822B-3B7177A4E292} = {41D1D336-13B2-488B-8A85-C0F744035F8B}
		{C6F0D42E-A5D4-4A7B-AD77-91A84449DE04} = {41D1D336-13B2-488B-8A85-C0F744035F8B}
		{237BD115-097E-4EB9-B447-8299F2EA5C7D} = {41D1D336-13B2-488B-8A85-C0F744035F8B}
		{0027D5BC-DF90-4EE4-B07E-4192A183AC38} = {41D1D336-13B2-488B-8A85-C0F744035F8B}
		{EE2BF129-3451-4ADA-8698-42EE2A293688} = {41D1D336-13B2-488B-8A85-C0F744035F8B}
		{C4C6E0DA-3C5A-4D43-B1BA-0289A813AEF4} = {41D1D336-13B2-488B-8A85-C0F744035F8B}
		{6D37DDE4-2418-4EFB-A6E3-DC6A94D9369D} = {41D1D336-13B2-488B-8A85-C0F744035F8B}
		{6C38E542-EFCE-4CAB-9B11-2C3D4D85F5F4} = {41D1D336-13B2-488B-8A85-C0F744035F8B}
		{000B0B0B-A12D-4EED-A261-7F95422E386A} = {41D1D336-13B2-488B-8A85-C0F744035F8B}
	EndGlobalSection
EndGlobal
